
Microsoft Visual Studio Solution File, Format Version 12.00
# Visual Studio Version 16
VisualStudioVersion = 16.0.34931.43
MinimumVisualStudioVersion = 10.0.40219.1
Project("{FAE04EC0-301F-11D3-BF4B-00C04F79EFBC}") = "prac34", "prac34.csproj", "{090A3629-4103-450F-B40D-B17213528D07}"
EndProject
Global
	GlobalSection(SolutionConfigurationPlatforms) = preSolution
		Debug|Any CPU = Debug|Any CPU
		Release|Any CPU = Release|Any CPU
	EndGlobalSection
	GlobalSection(ProjectConfigurationPlatforms) = postSolution
		{090A3629-4103-450F-B40D-B17213528D07}.Debug|Any CPU.ActiveCfg = Debug|Any CPU
		{090A3629-4103-450F-B40D-B17213528D07}.Debug|Any CPU.Build.0 = Debug|Any CPU
		{090A3629-4103-450F-B40D-B17213528D07}.Release|Any CPU.ActiveCfg = Release|Any CPU
		{090A3629-4103-450F-B40D-B17213528D07}.Release|Any CPU.Build.0 = Release|Any CPU
	EndGlobalSection
	GlobalSection(SolutionProperties) = preSolution
		HideSolutionNode = FALSE
	EndGlobalSection
	GlobalSection(ExtensibilityGlobals) = postSolution
		SolutionGuid = {964AAD9B-65D6-4DD8-8C2A-497D79E68C3F}
	EndGlobalSection
EndGlobal
